{
  "version": "v1",
  "packages": {
    "@gaman/static": {
      "signature": "1362887ac34929dbe928fbe6a211c66b",
      "file": true
    },
    "@gaman/core": {
      "signature": "b204e0353008d28b35aca6927f7f054d",
      "file": true
    },
    "@gaman/common": {
      "signature": "dcd135a45d7db9b41c6207bc63805bcf",
      "file": true
    },
    "@gaman/cli": {
      "signature": "b14bcef31c258b1b502eea1e8a1bb48c",
      "file": true
    }
  }
}