{
  "version": "v1",
  "packages": {
    "@gaman/core": {
      "signature": "991064a208d1d4ff349b844682561b3f",
      "file": true
    },
    "@gaman/common": {
      "signature": "7104cb7319e3925404ea1aea80801693",
      "file": true
    },
    "@gaman/cli": {
      "signature": "cb1c54834d54cfffb18fb276af05a4ae",
      "file": true
    },
    "@gaman/cors": {
      "signature": "397f67482b9daf8e4b891ab51b9414cb",
      "file": true,
      "replaced": "^1.0.1"
    },
    "@gaman/nunjucks": {
      "signature": "cf331c8c0f2f07601dd78ac65aacb10d",
      "file": true
    },
    "@gaman/ejs": {
      "signature": "54815204d6f25ff2a596f3df5fda2b95",
      "file": true
    },
    "@gaman/basic-auth": {
      "signature": "e8fee2cad3fe3735a00ababd5626fc44",
      "file": true
    },
    "@gaman/static": {
      "signature": "71dc2aadb6d62bfbc02e5ae7c9671cfe",
      "file": true
    },
    "@gaman/websocket": {
      "signature": "37a8f6d09dae65fbbf9920c6830b4ace",
      "file": true
    }
  }
}