{
  "version": "v1",
  "packages": {
    "@gaman/core": {
      "signature": "4a3bbc9fcec8ae4b59b94037c3225508",
      "file": true
    },
    "@gaman/common": {
      "signature": "5ec394f1ee6d316e1b190bb2d843b406",
      "file": true
    },
    "@gaman/cli": {
      "signature": "955ebd9ac9d3b847c7e5e5ea82e3617d",
      "file": true
    },
    "@gaman/cors": {
      "signature": "397f67482b9daf8e4b891ab51b9414cb",
      "file": true,
      "replaced": "^1.0.1"
    },
    "@gaman/nunjucks": {
      "signature": "cf331c8c0f2f07601dd78ac65aacb10d",
      "file": true
    },
    "@gaman/ejs": {
      "signature": "54815204d6f25ff2a596f3df5fda2b95",
      "file": true
    },
    "@gaman/basic-auth": {
      "signature": "e8fee2cad3fe3735a00ababd5626fc44",
      "file": true
    },
    "@gaman/static": {
      "signature": "71dc2aadb6d62bfbc02e5ae7c9671cfe",
      "file": true
    },
    "@gaman/websocket": {
      "signature": "e2e9257dc891adf9158f9fff398f10ff",
      "file": true
    },
    "@gaman/session": {
      "signature": "9ad5bff05d83e138dd49c55fc87a6792",
      "file": true
    }
  }
}