{
	"name": "gaman-app",
	"version": "0.0.1",
	"lockfileVersion": 3,
	"requires": true,
	"packages": {
		"": {
			"name": "gaman-app",
			"version": "0.0.1",
			"license": "ISC",
			"dependencies": {
				"@gaman/cli": "^1.0.8-alpha.0",
				"@gaman/core": "^1.0.8-alpha.0"
			}
		},
		"node_modules/@gaman/cli": {
			"version": "1.0.8-alpha.0",
			"resolved": "https://registry.npmjs.org/@gaman/cli/-/cli-1.0.8-alpha.0.tgz",
			"integrity": "sha512-MYDKeZCzF5XVfv2PeM0NOhNkCq7AXfqthTh+uGHR3E4j/9t5OiyH0uG0kHi95GShluktfNrmsqIwetY7KgqMWg==",
			"license": "MIT",
			"bin": {
				"gaman": "index.js"
			}
		},
		"node_modules/@gaman/core": {
			"version": "1.0.8-alpha.0",
			"resolved": "https://registry.npmjs.org/@gaman/core/-/core-1.0.8-alpha.0.tgz",
			"integrity": "sha512-7mHOlWjXC+mZ5kXOU5CCnTeTgYr/eZSR397/2EnSkyamakQVmGqr8Zf6rf5W5f7LRctvdL3rs9dEn5dxLYKe6g==",
			"license": "MIT",
			"engines": {
				"node": ">=18.20.8"
			}
		}
	}
}
