{
	"name": "gaman-app",
	"version": "0.0.1",
	"lockfileVersion": 3,
	"requires": true,
	"packages": {
		"": {
			"name": "gaman-app",
			"version": "0.0.1",
			"license": "ISC",
			"dependencies": {
				"@gaman/cli": "^1.0.8-alpha.1.1",
				"@gaman/core": "^1.0.8-alpha.1.1"
			}
		},
		"node_modules/@gaman/cli": {
			"version": "1.0.8-aplha-1.1",
			"resolved": "https://registry.npmjs.org/@gaman/cli/-/cli-1.0.8-aplha-1.1.tgz",
			"integrity": "sha512-ZcufnbmXBwoPc0bFgK6SPIN+Cs8Kbw1+OO8SXqrjLa1anW+SgGwpbP810ibAMRot/LPa7qd2lQ+qeVtki3VvZw==",
			"license": "MIT",
			"bin": {
				"gaman": "index.js"
			}
		},
		"node_modules/@gaman/core": {
			"version": "1.0.8-aplha-1.1",
			"resolved": "https://registry.npmjs.org/@gaman/core/-/core-1.0.8-aplha-1.1.tgz",
			"integrity": "sha512-He3ZLhdGAs7Jo9MOHJkTMVJstnYXfLdQi+vw2x0bmVlinRm1Xty+Ok4ypcT3lJCEvL7GU6/l+12LQuyoRKWWow==",
			"license": "MIT",
			"engines": {
				"node": ">=18.20.8"
			}
		}
	}
}
