{
  "version": "v1",
  "packages": {
    "@gaman/core": {
      "signature": "839e292ff46c5cb5dba64dc7450395c3",
      "file": true,
      "replaced": "^1.0.15-alpha.0"
    },
    "@gaman/common": {
      "signature": "07211ed1c7b097af9d1fcd40810ee072",
      "file": true,
      "replaced": "^1.0.2-alpha.0"
    },
    "@gaman/cli": {
      "signature": "823fc3a2190acdfc96062fae05373a18",
      "file": true,
      "replaced": "^1.0.14-alpha.0"
    }
  }
}