{
  "version": "v1",
  "packages": {
    "@gaman/core": {
      "signature": "b86012882f8b39bdaac67a8f26799907",
      "file": true
    },
    "@gaman/common": {
      "signature": "60f050870037ff6f554270200dc6d717",
      "file": true
    },
    "@gaman/cli": {
      "signature": "fa7cf10a23b5291e23084aa398672cb9",
      "file": true
    },
    "@gaman/cors": {
      "signature": "451b3823f03c89ff4aa871e6f49a1d2a",
      "file": true,
      "replaced": "^1.0.1"
    },
    "@gaman/nunjucks": {
      "signature": "3529832c4eaf05d9037c375949521a7a",
      "file": true
    },
    "@gaman/ejs": {
      "signature": "bef40efaea89b016b73c05c8baabfdf4",
      "file": true
    },
    "@gaman/basic-auth": {
      "signature": "e8fee2cad3fe3735a00ababd5626fc44",
      "file": true
    },
    "@gaman/static": {
      "signature": "38b63abc2c2f226be87de45c9844f897",
      "file": true
    }
  }
}